
Microsoft Visual Studio Solution File, Format Version 12.00
# Visual Studio Version 17
VisualStudioVersion = 17.10.35013.160
MinimumVisualStudioVersion = 10.0.40219.1
Project("{FAE04EC0-301F-11D3-BF4B-00C04F79EFBC}") = "WebNotes", "WebNotes\WebNotes.csproj", "{22CAE22A-82CB-4D0C-93BD-D80D52C0B796}"
EndProject
Global
	GlobalSection(SolutionConfigurationPlatforms) = preSolution
		Debug|Any CPU = Debug|Any CPU
		Release|Any CPU = Release|Any CPU
	EndGlobalSection
	GlobalSection(ProjectConfigurationPlatforms) = postSolution
		{22CAE22A-82CB-4D0C-93BD-D80D52C0B796}.Debug|Any CPU.ActiveCfg = Debug|Any CPU
		{22CAE22A-82CB-4D0C-93BD-D80D52C0B796}.Debug|Any CPU.Build.0 = Debug|Any CPU
		{22CAE22A-82CB-4D0C-93BD-D80D52C0B796}.Release|Any CPU.ActiveCfg = Release|Any CPU
		{22CAE22A-82CB-4D0C-93BD-D80D52C0B796}.Release|Any CPU.Build.0 = Release|Any CPU
	EndGlobalSection
	GlobalSection(SolutionProperties) = preSolution
		HideSolutionNode = FALSE
	EndGlobalSection
	GlobalSection(ExtensibilityGlobals) = postSolution
		SolutionGuid = {191DA1EB-2420-483B-BA4E-AD206F68BF8B}
	EndGlobalSection
EndGlobal
