
Microsoft Visual Studio Solution File, Format Version 12.00
# Visual Studio Version 17
VisualStudioVersion = 17.10.35013.160
MinimumVisualStudioVersion = 10.0.40219.1
Project("{FAE04EC0-301F-11D3-BF4B-00C04F79EFBC}") = "WebRechner", "WebRechner\WebRechner.csproj", "{1A38003A-6C54-42F8-8BF5-437A474D01B3}"
EndProject
Global
	GlobalSection(SolutionConfigurationPlatforms) = preSolution
		Debug|Any CPU = Debug|Any CPU
		Release|Any CPU = Release|Any CPU
	EndGlobalSection
	GlobalSection(ProjectConfigurationPlatforms) = postSolution
		{1A38003A-6C54-42F8-8BF5-437A474D01B3}.Debug|Any CPU.ActiveCfg = Debug|Any CPU
		{1A38003A-6C54-42F8-8BF5-437A474D01B3}.Debug|Any CPU.Build.0 = Debug|Any CPU
		{1A38003A-6C54-42F8-8BF5-437A474D01B3}.Release|Any CPU.ActiveCfg = Release|Any CPU
		{1A38003A-6C54-42F8-8BF5-437A474D01B3}.Release|Any CPU.Build.0 = Release|Any CPU
	EndGlobalSection
	GlobalSection(SolutionProperties) = preSolution
		HideSolutionNode = FALSE
	EndGlobalSection
	GlobalSection(ExtensibilityGlobals) = postSolution
		SolutionGuid = {EB2EC962-FC53-47E3-AF07-E63249B215FA}
	EndGlobalSection
EndGlobal
